
Microsoft Visual Studio Solution File, Format Version 12.00
# Visual Studio Version 16
VisualStudioVersion = 16.0.29418.71
MinimumVisualStudioVersion = 10.0.40219.1
Project("{2150E333-8FDC-42A3-9474-1A3956D46DE8}") = "libs", "libs", "{0E016227-9CD6-4F38-B374-E2573225DF67}"
EndProject
Project("{9A19103F-16F7-4668-BE54-9A1E7A4F7556}") = "MailModule", "libs\MailModule\MailModule.csproj", "{3125A2AE-FE4C-4E84-A685-E418E92BDA06}"
EndProject
Project("{2150E333-8FDC-42A3-9474-1A3956D46DE8}") = "examples", "examples", "{70378563-22CC-4B00-834E-4D1E139056D6}"
EndProject
Project("{9A19103F-16F7-4668-BE54-9A1E7A4F7556}") = "CmsModuleShared", "examples\CmsModuleShared\CmsModuleShared.csproj", "{9AEC2721-3063-4CB7-BA69-9BE2F96B6C39}"
EndProject
Project("{9A19103F-16F7-4668-BE54-9A1E7A4F7556}") = "CmsModuleManagement", "examples\CmsModuleManagement\CmsModuleManagement.csproj", "{01F20AF6-300E-4F12-843B-5F5703339F36}"
EndProject
Project("{2150E333-8FDC-42A3-9474-1A3956D46DE8}") = "unit-tests", "unit-tests", "{884AB43D-A6FB-41E4-996E-7EE85D7A9C76}"
EndProject
Project("{9A19103F-16F7-4668-BE54-9A1E7A4F7556}") = "ModuleTests", "unit-tests\ModulesTests\ModuleTests.csproj", "{4F5449BA-EF71-4FC3-8ED0-F49DF9F71A1F}"
EndProject
Project("{FAE04EC0-301F-11D3-BF4B-00C04F79EFBC}") = "CorsModule", "libs\CorsModule\CorsModule.csproj", "{E756A8D0-D040-42E9-9AFA-45F267FA19F0}"
EndProject
Global
	GlobalSection(SolutionConfigurationPlatforms) = preSolution
		Debug|Any CPU = Debug|Any CPU
		Release|Any CPU = Release|Any CPU
	EndGlobalSection
	GlobalSection(ProjectConfigurationPlatforms) = postSolution
		{3125A2AE-FE4C-4E84-A685-E418E92BDA06}.Debug|Any CPU.ActiveCfg = Debug|Any CPU
		{3125A2AE-FE4C-4E84-A685-E418E92BDA06}.Debug|Any CPU.Build.0 = Debug|Any CPU
		{3125A2AE-FE4C-4E84-A685-E418E92BDA06}.Release|Any CPU.ActiveCfg = Release|Any CPU
		{3125A2AE-FE4C-4E84-A685-E418E92BDA06}.Release|Any CPU.Build.0 = Release|Any CPU
		{9AEC2721-3063-4CB7-BA69-9BE2F96B6C39}.Debug|Any CPU.ActiveCfg = Debug|Any CPU
		{9AEC2721-3063-4CB7-BA69-9BE2F96B6C39}.Debug|Any CPU.Build.0 = Debug|Any CPU
		{9AEC2721-3063-4CB7-BA69-9BE2F96B6C39}.Release|Any CPU.ActiveCfg = Release|Any CPU
		{9AEC2721-3063-4CB7-BA69-9BE2F96B6C39}.Release|Any CPU.Build.0 = Release|Any CPU
		{01F20AF6-300E-4F12-843B-5F5703339F36}.Debug|Any CPU.ActiveCfg = Debug|Any CPU
		{01F20AF6-300E-4F12-843B-5F5703339F36}.Debug|Any CPU.Build.0 = Debug|Any CPU
		{01F20AF6-300E-4F12-843B-5F5703339F36}.Release|Any CPU.ActiveCfg = Release|Any CPU
		{01F20AF6-300E-4F12-843B-5F5703339F36}.Release|Any CPU.Build.0 = Release|Any CPU
		{4F5449BA-EF71-4FC3-8ED0-F49DF9F71A1F}.Debug|Any CPU.ActiveCfg = Debug|Any CPU
		{4F5449BA-EF71-4FC3-8ED0-F49DF9F71A1F}.Debug|Any CPU.Build.0 = Debug|Any CPU
		{4F5449BA-EF71-4FC3-8ED0-F49DF9F71A1F}.Release|Any CPU.ActiveCfg = Release|Any CPU
		{4F5449BA-EF71-4FC3-8ED0-F49DF9F71A1F}.Release|Any CPU.Build.0 = Release|Any CPU
		{E756A8D0-D040-42E9-9AFA-45F267FA19F0}.Debug|Any CPU.ActiveCfg = Debug|Any CPU
		{E756A8D0-D040-42E9-9AFA-45F267FA19F0}.Debug|Any CPU.Build.0 = Debug|Any CPU
		{E756A8D0-D040-42E9-9AFA-45F267FA19F0}.Release|Any CPU.ActiveCfg = Release|Any CPU
		{E756A8D0-D040-42E9-9AFA-45F267FA19F0}.Release|Any CPU.Build.0 = Release|Any CPU
	EndGlobalSection
	GlobalSection(SolutionProperties) = preSolution
		HideSolutionNode = FALSE
	EndGlobalSection
	GlobalSection(NestedProjects) = preSolution
		{3125A2AE-FE4C-4E84-A685-E418E92BDA06} = {0E016227-9CD6-4F38-B374-E2573225DF67}
		{9AEC2721-3063-4CB7-BA69-9BE2F96B6C39} = {70378563-22CC-4B00-834E-4D1E139056D6}
		{01F20AF6-300E-4F12-843B-5F5703339F36} = {70378563-22CC-4B00-834E-4D1E139056D6}
		{4F5449BA-EF71-4FC3-8ED0-F49DF9F71A1F} = {884AB43D-A6FB-41E4-996E-7EE85D7A9C76}
		{E756A8D0-D040-42E9-9AFA-45F267FA19F0} = {0E016227-9CD6-4F38-B374-E2573225DF67}
	EndGlobalSection
	GlobalSection(ExtensibilityGlobals) = postSolution
		SolutionGuid = {40AD4BA3-5EBD-4455-B116-E6A4F5F66C0D}
	EndGlobalSection
EndGlobal
