
Microsoft Visual Studio Solution File, Format Version 12.00
# Visual Studio Version 16
VisualStudioVersion = 16.0.29418.71
MinimumVisualStudioVersion = 10.0.40219.1
Project("{2150E333-8FDC-42A3-9474-1A3956D46DE8}") = "libs", "libs", "{563D3067-27BF-477C-9F8A-1BDEF6FAA277}"
EndProject
Project("{9A19103F-16F7-4668-BE54-9A1E7A4F7556}") = "MailModule", "libs\MailModule\MailModule.csproj", "{82569763-0C4B-41E1-9EC9-CC048607AED9}"
EndProject
Project("{2150E333-8FDC-42A3-9474-1A3956D46DE8}") = "unit-tests", "unit-tests", "{821DD67B-DA31-480A-97FD-DEF4440D5F69}"
EndProject
Project("{9A19103F-16F7-4668-BE54-9A1E7A4F7556}") = "ModulesTests", "unit-tests\ModulesTests\ModulesTests.csproj", "{6ADD0790-B69A-43F7-BE98-C1D2416BD8AC}"
EndProject
Project("{2150E333-8FDC-42A3-9474-1A3956D46DE8}") = "examples", "examples", "{E9F69A2F-65B6-4FF0-9CEB-7181F3C40D04}"
EndProject
Project("{9A19103F-16F7-4668-BE54-9A1E7A4F7556}") = "CmsModules.Shares", "examples\CmsModulesShared\CmsModules.Shares.csproj", "{58EDA8B0-B787-4783-B53B-774CC159340D}"
EndProject
Project("{9A19103F-16F7-4668-BE54-9A1E7A4F7556}") = "CmsModules.ManagementUi", "examples\CmsModulesManagement\CmsModules.ManagementUi.csproj", "{76B85362-F172-4FE2-BFD5-E4DA01BED1C5}"
EndProject
Project("{9A19103F-16F7-4668-BE54-9A1E7A4F7556}") = "CorsModule", "libs\CorsModule\CorsModule.csproj", "{87927845-5F09-4497-B200-9A405A83E3E4}"
EndProject
Project("{2150E333-8FDC-42A3-9474-1A3956D46DE8}") = "DataMagic", "DataMagic", "{1A31B342-C5A7-4D35-8314-E540FC44B7F3}"
EndProject
Project("{9A19103F-16F7-4668-BE54-9A1E7A4F7556}") = "DataMagic.Abstractions", "libs\DataMagic\DataMagic.Abstractions\DataMagic.Abstractions.csproj", "{8CD458A6-C814-412C-923E-61DF752AD760}"
EndProject
Project("{9A19103F-16F7-4668-BE54-9A1E7A4F7556}") = "DataMagic.EntityFrameworkCore", "libs\DataMagic\DataMagic.EntityFrameworkCore\DataMagic.EntityFrameworkCore.csproj", "{C16B75E4-301C-4111-AD01-6C3C538DC492}"
EndProject
Project("{2150E333-8FDC-42A3-9474-1A3956D46DE8}") = "libs", "libs", "{34F3DD99-EE8C-4071-94A5-8461F1D8A258}"
EndProject
Project("{2150E333-8FDC-42A3-9474-1A3956D46DE8}") = "DataMagic", "DataMagic", "{AB5AF467-825D-4AD1-82BD-D6B99086765A}"
EndProject
Project("{9A19103F-16F7-4668-BE54-9A1E7A4F7556}") = "DataMagic.Abstractions.Tests", "unit-tests\libs\DataMagic\DataMagic.Abstractions.Tests\DataMagic.Abstractions.Tests.csproj", "{16C636EA-57E8-403E-85E6-13CFC54E6FBF}"
EndProject
Project("{9A19103F-16F7-4668-BE54-9A1E7A4F7556}") = "MailModule.Tests", "unit-tests\libs\MailModule.Tests\MailModule.Tests.csproj", "{129D39D3-5D81-41B2-ABE7-6CE0D12F21CD}"
EndProject
Project("{9A19103F-16F7-4668-BE54-9A1E7A4F7556}") = "DataMagic.EntityFrameworkCore.Tests", "unit-tests\libs\DataMagic\DataMagic.EntityFrameworkCore.Tests\DataMagic.EntityFrameworkCore.Tests.csproj", "{03387788-148B-4FB2-93C8-610FB694806F}"
EndProject
Project("{2150E333-8FDC-42A3-9474-1A3956D46DE8}") = "Solution Items", "Solution Items", "{4C74EAED-CB4B-49F0-A881-D4D8CF2856A1}"
	ProjectSection(SolutionItems) = preProject
		.editorconfig = .editorconfig
	EndProjectSection
EndProject
Global
	GlobalSection(SolutionConfigurationPlatforms) = preSolution
		Debug|Any CPU = Debug|Any CPU
		Release|Any CPU = Release|Any CPU
	EndGlobalSection
	GlobalSection(ProjectConfigurationPlatforms) = postSolution
		{82569763-0C4B-41E1-9EC9-CC048607AED9}.Debug|Any CPU.ActiveCfg = Debug|Any CPU
		{82569763-0C4B-41E1-9EC9-CC048607AED9}.Debug|Any CPU.Build.0 = Debug|Any CPU
		{82569763-0C4B-41E1-9EC9-CC048607AED9}.Release|Any CPU.ActiveCfg = Release|Any CPU
		{82569763-0C4B-41E1-9EC9-CC048607AED9}.Release|Any CPU.Build.0 = Release|Any CPU
		{6ADD0790-B69A-43F7-BE98-C1D2416BD8AC}.Debug|Any CPU.ActiveCfg = Debug|Any CPU
		{6ADD0790-B69A-43F7-BE98-C1D2416BD8AC}.Debug|Any CPU.Build.0 = Debug|Any CPU
		{6ADD0790-B69A-43F7-BE98-C1D2416BD8AC}.Release|Any CPU.ActiveCfg = Release|Any CPU
		{6ADD0790-B69A-43F7-BE98-C1D2416BD8AC}.Release|Any CPU.Build.0 = Release|Any CPU
		{58EDA8B0-B787-4783-B53B-774CC159340D}.Debug|Any CPU.ActiveCfg = Debug|Any CPU
		{58EDA8B0-B787-4783-B53B-774CC159340D}.Debug|Any CPU.Build.0 = Debug|Any CPU
		{58EDA8B0-B787-4783-B53B-774CC159340D}.Release|Any CPU.ActiveCfg = Release|Any CPU
		{58EDA8B0-B787-4783-B53B-774CC159340D}.Release|Any CPU.Build.0 = Release|Any CPU
		{76B85362-F172-4FE2-BFD5-E4DA01BED1C5}.Debug|Any CPU.ActiveCfg = Debug|Any CPU
		{76B85362-F172-4FE2-BFD5-E4DA01BED1C5}.Debug|Any CPU.Build.0 = Debug|Any CPU
		{76B85362-F172-4FE2-BFD5-E4DA01BED1C5}.Release|Any CPU.ActiveCfg = Release|Any CPU
		{76B85362-F172-4FE2-BFD5-E4DA01BED1C5}.Release|Any CPU.Build.0 = Release|Any CPU
		{87927845-5F09-4497-B200-9A405A83E3E4}.Debug|Any CPU.ActiveCfg = Debug|Any CPU
		{87927845-5F09-4497-B200-9A405A83E3E4}.Debug|Any CPU.Build.0 = Debug|Any CPU
		{87927845-5F09-4497-B200-9A405A83E3E4}.Release|Any CPU.ActiveCfg = Release|Any CPU
		{87927845-5F09-4497-B200-9A405A83E3E4}.Release|Any CPU.Build.0 = Release|Any CPU
		{8CD458A6-C814-412C-923E-61DF752AD760}.Debug|Any CPU.ActiveCfg = Debug|Any CPU
		{8CD458A6-C814-412C-923E-61DF752AD760}.Debug|Any CPU.Build.0 = Debug|Any CPU
		{8CD458A6-C814-412C-923E-61DF752AD760}.Release|Any CPU.ActiveCfg = Release|Any CPU
		{8CD458A6-C814-412C-923E-61DF752AD760}.Release|Any CPU.Build.0 = Release|Any CPU
		{C16B75E4-301C-4111-AD01-6C3C538DC492}.Debug|Any CPU.ActiveCfg = Debug|Any CPU
		{C16B75E4-301C-4111-AD01-6C3C538DC492}.Debug|Any CPU.Build.0 = Debug|Any CPU
		{C16B75E4-301C-4111-AD01-6C3C538DC492}.Release|Any CPU.ActiveCfg = Release|Any CPU
		{C16B75E4-301C-4111-AD01-6C3C538DC492}.Release|Any CPU.Build.0 = Release|Any CPU
		{16C636EA-57E8-403E-85E6-13CFC54E6FBF}.Debug|Any CPU.ActiveCfg = Debug|Any CPU
		{16C636EA-57E8-403E-85E6-13CFC54E6FBF}.Debug|Any CPU.Build.0 = Debug|Any CPU
		{16C636EA-57E8-403E-85E6-13CFC54E6FBF}.Release|Any CPU.ActiveCfg = Release|Any CPU
		{16C636EA-57E8-403E-85E6-13CFC54E6FBF}.Release|Any CPU.Build.0 = Release|Any CPU
		{129D39D3-5D81-41B2-ABE7-6CE0D12F21CD}.Debug|Any CPU.ActiveCfg = Debug|Any CPU
		{129D39D3-5D81-41B2-ABE7-6CE0D12F21CD}.Debug|Any CPU.Build.0 = Debug|Any CPU
		{129D39D3-5D81-41B2-ABE7-6CE0D12F21CD}.Release|Any CPU.ActiveCfg = Release|Any CPU
		{129D39D3-5D81-41B2-ABE7-6CE0D12F21CD}.Release|Any CPU.Build.0 = Release|Any CPU
		{03387788-148B-4FB2-93C8-610FB694806F}.Debug|Any CPU.ActiveCfg = Debug|Any CPU
		{03387788-148B-4FB2-93C8-610FB694806F}.Debug|Any CPU.Build.0 = Debug|Any CPU
		{03387788-148B-4FB2-93C8-610FB694806F}.Release|Any CPU.ActiveCfg = Release|Any CPU
		{03387788-148B-4FB2-93C8-610FB694806F}.Release|Any CPU.Build.0 = Release|Any CPU
	EndGlobalSection
	GlobalSection(SolutionProperties) = preSolution
		HideSolutionNode = FALSE
	EndGlobalSection
	GlobalSection(NestedProjects) = preSolution
		{82569763-0C4B-41E1-9EC9-CC048607AED9} = {563D3067-27BF-477C-9F8A-1BDEF6FAA277}
		{6ADD0790-B69A-43F7-BE98-C1D2416BD8AC} = {821DD67B-DA31-480A-97FD-DEF4440D5F69}
		{58EDA8B0-B787-4783-B53B-774CC159340D} = {E9F69A2F-65B6-4FF0-9CEB-7181F3C40D04}
		{76B85362-F172-4FE2-BFD5-E4DA01BED1C5} = {E9F69A2F-65B6-4FF0-9CEB-7181F3C40D04}
		{87927845-5F09-4497-B200-9A405A83E3E4} = {563D3067-27BF-477C-9F8A-1BDEF6FAA277}
		{1A31B342-C5A7-4D35-8314-E540FC44B7F3} = {563D3067-27BF-477C-9F8A-1BDEF6FAA277}
		{8CD458A6-C814-412C-923E-61DF752AD760} = {1A31B342-C5A7-4D35-8314-E540FC44B7F3}
		{C16B75E4-301C-4111-AD01-6C3C538DC492} = {1A31B342-C5A7-4D35-8314-E540FC44B7F3}
		{34F3DD99-EE8C-4071-94A5-8461F1D8A258} = {821DD67B-DA31-480A-97FD-DEF4440D5F69}
		{AB5AF467-825D-4AD1-82BD-D6B99086765A} = {34F3DD99-EE8C-4071-94A5-8461F1D8A258}
		{16C636EA-57E8-403E-85E6-13CFC54E6FBF} = {AB5AF467-825D-4AD1-82BD-D6B99086765A}
		{129D39D3-5D81-41B2-ABE7-6CE0D12F21CD} = {34F3DD99-EE8C-4071-94A5-8461F1D8A258}
		{03387788-148B-4FB2-93C8-610FB694806F} = {AB5AF467-825D-4AD1-82BD-D6B99086765A}
	EndGlobalSection
	GlobalSection(ExtensibilityGlobals) = postSolution
		SolutionGuid = {40AD4BA3-5EBD-4455-B116-E6A4F5F66C0D}
	EndGlobalSection
EndGlobal
