
Microsoft Visual Studio Solution File, Format Version 12.00
# Visual Studio Version 16
VisualStudioVersion = 16.0.29418.71
MinimumVisualStudioVersion = 10.0.40219.1
Project("{9A19103F-16F7-4668-BE54-9A1E7A4F7556}") = "MailManager", "MailManager\MailManager.csproj", "{E992C6D5-A29E-4C37-86FD-7942509BAB3C}"
EndProject
Project("{9A19103F-16F7-4668-BE54-9A1E7A4F7556}") = "MailWeb", "MailWeb\MailWeb.csproj", "{68D16DBD-4593-4845-A579-6F6EEA4D6F04}"
EndProject
Global
	GlobalSection(SolutionConfigurationPlatforms) = preSolution
		Debug|Any CPU = Debug|Any CPU
		Release|Any CPU = Release|Any CPU
	EndGlobalSection
	GlobalSection(ProjectConfigurationPlatforms) = postSolution
		{E992C6D5-A29E-4C37-86FD-7942509BAB3C}.Debug|Any CPU.ActiveCfg = Debug|Any CPU
		{E992C6D5-A29E-4C37-86FD-7942509BAB3C}.Debug|Any CPU.Build.0 = Debug|Any CPU
		{E992C6D5-A29E-4C37-86FD-7942509BAB3C}.Release|Any CPU.ActiveCfg = Release|Any CPU
		{E992C6D5-A29E-4C37-86FD-7942509BAB3C}.Release|Any CPU.Build.0 = Release|Any CPU
		{68D16DBD-4593-4845-A579-6F6EEA4D6F04}.Debug|Any CPU.ActiveCfg = Debug|Any CPU
		{68D16DBD-4593-4845-A579-6F6EEA4D6F04}.Debug|Any CPU.Build.0 = Debug|Any CPU
		{68D16DBD-4593-4845-A579-6F6EEA4D6F04}.Release|Any CPU.ActiveCfg = Release|Any CPU
		{68D16DBD-4593-4845-A579-6F6EEA4D6F04}.Release|Any CPU.Build.0 = Release|Any CPU
	EndGlobalSection
	GlobalSection(SolutionProperties) = preSolution
		HideSolutionNode = FALSE
	EndGlobalSection
	GlobalSection(ExtensibilityGlobals) = postSolution
		SolutionGuid = {40AD4BA3-5EBD-4455-B116-E6A4F5F66C0D}
	EndGlobalSection
EndGlobal
